
Microsoft Visual Studio Solution File, Format Version 12.00
# Visual Studio Version 16
VisualStudioVersion = 16.0.808.6
MinimumVisualStudioVersion = 10.0.40219.1
Project("{FAE04EC0-301F-11D3-BF4B-00C04F79EFBC}") = "Sakura.EmailContact", "Sakura.EmailContact\Sakura.EmailContact.csproj", "{9BFE4E29-C3F2-4783-8E38-3A0ACF003E61}"
EndProject
Project("{FAE04EC0-301F-11D3-BF4B-00C04F79EFBC}") = "Sakura.EmailContact.Tests", "Sakura.EmailContact.Tests\Sakura.EmailContact.Tests.csproj", "{90602E56-0F33-4789-954B-9D39B8947054}"
EndProject
Global
	GlobalSection(SolutionConfigurationPlatforms) = preSolution
		Debug|Any CPU = Debug|Any CPU
		Release|Any CPU = Release|Any CPU
	EndGlobalSection
	GlobalSection(ProjectConfigurationPlatforms) = postSolution
		{9BFE4E29-C3F2-4783-8E38-3A0ACF003E61}.Debug|Any CPU.ActiveCfg = Debug|Any CPU
		{9BFE4E29-C3F2-4783-8E38-3A0ACF003E61}.Debug|Any CPU.Build.0 = Debug|Any CPU
		{9BFE4E29-C3F2-4783-8E38-3A0ACF003E61}.Release|Any CPU.ActiveCfg = Release|Any CPU
		{9BFE4E29-C3F2-4783-8E38-3A0ACF003E61}.Release|Any CPU.Build.0 = Release|Any CPU
		{90602E56-0F33-4789-954B-9D39B8947054}.Debug|Any CPU.ActiveCfg = Debug|Any CPU
		{90602E56-0F33-4789-954B-9D39B8947054}.Debug|Any CPU.Build.0 = Debug|Any CPU
		{90602E56-0F33-4789-954B-9D39B8947054}.Release|Any CPU.ActiveCfg = Release|Any CPU
		{90602E56-0F33-4789-954B-9D39B8947054}.Release|Any CPU.Build.0 = Release|Any CPU
	EndGlobalSection
	GlobalSection(SolutionProperties) = preSolution
		HideSolutionNode = FALSE
	EndGlobalSection
	GlobalSection(ExtensibilityGlobals) = postSolution
		SolutionGuid = {E156213C-6392-47D2-AA37-EBEA91CE6E25}
	EndGlobalSection
EndGlobal
